
Microsoft Visual Studio Solution File, Format Version 10.00
# Visual Studio 2008
Project("{FAE04EC0-301F-11D3-BF4B-00C04F79EFBC}") = "ProjectEuler", "ProjectEuler.csproj", "{4FF448BA-B27B-460F-8C8D-33CAF3D57632}"
EndProject
Global
	GlobalSection(SolutionConfigurationPlatforms) = preSolution
		Debug|Any CPU = Debug|Any CPU
		Release|Any CPU = Release|Any CPU
	EndGlobalSection
	GlobalSection(ProjectConfigurationPlatforms) = postSolution
		{4FF448BA-B27B-460F-8C8D-33CAF3D57632}.Debug|Any CPU.ActiveCfg = Debug|Any CPU
		{4FF448BA-B27B-460F-8C8D-33CAF3D57632}.Debug|Any CPU.Build.0 = Debug|Any CPU
		{4FF448BA-B27B-460F-8C8D-33CAF3D57632}.Release|Any CPU.ActiveCfg = Release|Any CPU
		{4FF448BA-B27B-460F-8C8D-33CAF3D57632}.Release|Any CPU.Build.0 = Release|Any CPU
	EndGlobalSection
	GlobalSection(SolutionProperties) = preSolution
		HideSolutionNode = FALSE
	EndGlobalSection
EndGlobal
